
Microsoft Visual Studio Solution File, Format Version 12.00
# Visual Studio Version 16
VisualStudioVersion = 16.0.31019.35
MinimumVisualStudioVersion = 10.0.40219.1
Project("{FAE04EC0-301F-11D3-BF4B-00C04F79EFBC}") = "DrSearch", "DrSearch.csproj", "{45BAD245-C0A0-4846-9971-973AB41F4369}"
EndProject
Global
	GlobalSection(SolutionConfigurationPlatforms) = preSolution
		Debug|Any CPU = Debug|Any CPU
		Release|Any CPU = Release|Any CPU
	EndGlobalSection
	GlobalSection(ProjectConfigurationPlatforms) = postSolution
		{45BAD245-C0A0-4846-9971-973AB41F4369}.Debug|Any CPU.ActiveCfg = Debug|Any CPU
		{45BAD245-C0A0-4846-9971-973AB41F4369}.Debug|Any CPU.Build.0 = Debug|Any CPU
		{45BAD245-C0A0-4846-9971-973AB41F4369}.Release|Any CPU.ActiveCfg = Release|Any CPU
		{45BAD245-C0A0-4846-9971-973AB41F4369}.Release|Any CPU.Build.0 = Release|Any CPU
	EndGlobalSection
	GlobalSection(SolutionProperties) = preSolution
		HideSolutionNode = FALSE
	EndGlobalSection
	GlobalSection(ExtensibilityGlobals) = postSolution
		SolutionGuid = {45C998DA-1304-42A0-9BFB-D3B8DE2EF4DB}
	EndGlobalSection
EndGlobal
